
Microsoft Visual Studio Solution File, Format Version 12.00
# Visual Studio Version 16
VisualStudioVersion = 16.0.29326.143
MinimumVisualStudioVersion = 10.0.40219.1
Project("{FAE04EC0-301F-11D3-BF4B-00C04F79EFBC}") = "CoffeeShop", "CoffeeShop\CoffeeShop.csproj", "{F8AA1ECD-7335-4F67-9527-37B27D1CCFC3}"
EndProject
Project("{FAE04EC0-301F-11D3-BF4B-00C04F79EFBC}") = "CoffeeShop.Data", "CoffeeShop.Data\CoffeeShop.Data.csproj", "{624E56FC-E9ED-4FA5-B1AA-79C5F351EDC2}"
EndProject
Global
	GlobalSection(SolutionConfigurationPlatforms) = preSolution
		Debug|Any CPU = Debug|Any CPU
		Release|Any CPU = Release|Any CPU
	EndGlobalSection
	GlobalSection(ProjectConfigurationPlatforms) = postSolution
		{F8AA1ECD-7335-4F67-9527-37B27D1CCFC3}.Debug|Any CPU.ActiveCfg = Debug|Any CPU
		{F8AA1ECD-7335-4F67-9527-37B27D1CCFC3}.Debug|Any CPU.Build.0 = Debug|Any CPU
		{F8AA1ECD-7335-4F67-9527-37B27D1CCFC3}.Release|Any CPU.ActiveCfg = Release|Any CPU
		{F8AA1ECD-7335-4F67-9527-37B27D1CCFC3}.Release|Any CPU.Build.0 = Release|Any CPU
		{624E56FC-E9ED-4FA5-B1AA-79C5F351EDC2}.Debug|Any CPU.ActiveCfg = Debug|Any CPU
		{624E56FC-E9ED-4FA5-B1AA-79C5F351EDC2}.Debug|Any CPU.Build.0 = Debug|Any CPU
		{624E56FC-E9ED-4FA5-B1AA-79C5F351EDC2}.Release|Any CPU.ActiveCfg = Release|Any CPU
		{624E56FC-E9ED-4FA5-B1AA-79C5F351EDC2}.Release|Any CPU.Build.0 = Release|Any CPU
	EndGlobalSection
	GlobalSection(SolutionProperties) = preSolution
		HideSolutionNode = FALSE
	EndGlobalSection
	GlobalSection(ExtensibilityGlobals) = postSolution
		SolutionGuid = {D67C6701-AD42-4929-94DE-0D6842855E67}
	EndGlobalSection
EndGlobal
